
Microsoft Visual Studio Solution File, Format Version 12.00
# Visual Studio Version 16
VisualStudioVersion = 16.0.30320.27
MinimumVisualStudioVersion = 10.0.40219.1
Project("{FAE04EC0-301F-11D3-BF4B-00C04F79EFBC}") = "INFO4430_Fall2020_MVC", "INFO4430_Fall2020_MVC\INFO4430_Fall2020_MVC.csproj", "{0CF86AA4-E4AA-4686-B27B-E128A2508679}"
EndProject
Global
	GlobalSection(SolutionConfigurationPlatforms) = preSolution
		Debug|Any CPU = Debug|Any CPU
		Release|Any CPU = Release|Any CPU
	EndGlobalSection
	GlobalSection(ProjectConfigurationPlatforms) = postSolution
		{0CF86AA4-E4AA-4686-B27B-E128A2508679}.Debug|Any CPU.ActiveCfg = Debug|Any CPU
		{0CF86AA4-E4AA-4686-B27B-E128A2508679}.Debug|Any CPU.Build.0 = Debug|Any CPU
		{0CF86AA4-E4AA-4686-B27B-E128A2508679}.Release|Any CPU.ActiveCfg = Release|Any CPU
		{0CF86AA4-E4AA-4686-B27B-E128A2508679}.Release|Any CPU.Build.0 = Release|Any CPU
	EndGlobalSection
	GlobalSection(SolutionProperties) = preSolution
		HideSolutionNode = FALSE
	EndGlobalSection
	GlobalSection(ExtensibilityGlobals) = postSolution
		SolutionGuid = {DB8B6F41-3B9A-4E8A-A977-55CB4FA8B9E1}
	EndGlobalSection
EndGlobal
